
Microsoft Visual Studio Solution File, Format Version 12.00
# Visual Studio 2012
Project("{FAE04EC0-301F-11D3-BF4B-00C04F79EFBC}") = "Slideout", "Slideout\Slideout.csproj", "{5EF88C0D-8A9A-4454-80BF-EE71BB6EAEEF}"
EndProject
Global
	GlobalSection(SolutionConfigurationPlatforms) = preSolution
		Debug|iPhoneSimulator = Debug|iPhoneSimulator
		Release|iPhone = Release|iPhone
		Release|iPhoneSimulator = Release|iPhoneSimulator
		Debug|iPhone = Debug|iPhone
	EndGlobalSection
	GlobalSection(ProjectConfigurationPlatforms) = postSolution
		{5EF88C0D-8A9A-4454-80BF-EE71BB6EAEEF}.Debug|iPhone.ActiveCfg = Debug|iPhone
		{5EF88C0D-8A9A-4454-80BF-EE71BB6EAEEF}.Debug|iPhone.Build.0 = Debug|iPhone
		{5EF88C0D-8A9A-4454-80BF-EE71BB6EAEEF}.Debug|iPhoneSimulator.ActiveCfg = Debug|iPhoneSimulator
		{5EF88C0D-8A9A-4454-80BF-EE71BB6EAEEF}.Debug|iPhoneSimulator.Build.0 = Debug|iPhoneSimulator
		{5EF88C0D-8A9A-4454-80BF-EE71BB6EAEEF}.Release|iPhone.ActiveCfg = Release|iPhone
		{5EF88C0D-8A9A-4454-80BF-EE71BB6EAEEF}.Release|iPhone.Build.0 = Release|iPhone
		{5EF88C0D-8A9A-4454-80BF-EE71BB6EAEEF}.Release|iPhoneSimulator.ActiveCfg = Release|iPhoneSimulator
		{5EF88C0D-8A9A-4454-80BF-EE71BB6EAEEF}.Release|iPhoneSimulator.Build.0 = Release|iPhoneSimulator
	EndGlobalSection
EndGlobal
